
Microsoft Visual Studio Solution File, Format Version 12.00
# Visual Studio Version 16
VisualStudioVersion = 16.0.31205.134
MinimumVisualStudioVersion = 10.0.40219.1
Project("{FAE04EC0-301F-11D3-BF4B-00C04F79EFBC}") = "Cpu bound sample", "Cpu bound sample\Cpu bound sample.csproj", "{B0D6FC0A-711A-4F77-A4FA-76B878D20DAC}"
EndProject
Global
	GlobalSection(SolutionConfigurationPlatforms) = preSolution
		Debug|Any CPU = Debug|Any CPU
		Release|Any CPU = Release|Any CPU
	EndGlobalSection
	GlobalSection(ProjectConfigurationPlatforms) = postSolution
		{B0D6FC0A-711A-4F77-A4FA-76B878D20DAC}.Debug|Any CPU.ActiveCfg = Debug|Any CPU
		{B0D6FC0A-711A-4F77-A4FA-76B878D20DAC}.Debug|Any CPU.Build.0 = Debug|Any CPU
		{B0D6FC0A-711A-4F77-A4FA-76B878D20DAC}.Release|Any CPU.ActiveCfg = Release|Any CPU
		{B0D6FC0A-711A-4F77-A4FA-76B878D20DAC}.Release|Any CPU.Build.0 = Release|Any CPU
	EndGlobalSection
	GlobalSection(SolutionProperties) = preSolution
		HideSolutionNode = FALSE
	EndGlobalSection
	GlobalSection(ExtensibilityGlobals) = postSolution
		SolutionGuid = {6068B055-3021-4194-9393-F48CD7D59AA3}
	EndGlobalSection
EndGlobal
